// !$*UTF8*$!
{
	archiveVersion = 1;
	classes = {
	};
	objectVersion = 55;
	objects = {

/* Begin PBXBuildFile section */
		169D2B8F5CE8DC8A8668B76F /* Pods_Parse_ChatTests.framework in Frameworks */ = {isa = PBXBuildFile; fileRef = 4D45FF5A4DD70F2B353E41CD /* Pods_Parse_ChatTests.framework */; };
		2A74B709730EB1406B8F972A /* Pods_Parse_Chat.framework in Frameworks */ = {isa = PBXBuildFile; fileRef = E9EB8FD9436F59F4EA8512BB /* Pods_Parse_Chat.framework */; };
		618C65FAD51088ACB9F4E4BF /* Pods_Parse_Chat_Parse_ChatUITests.framework in Frameworks */ = {isa = PBXBuildFile; fileRef = B9847D546024A0065D9DE8F9 /* Pods_Parse_Chat_Parse_ChatUITests.framework */; };
		EE82B8AE286A1346003D31D0 /* AppDelegate.m in Sources */ = {isa = PBXBuildFile; fileRef = EE82B8AD286A1346003D31D0 /* AppDelegate.m */; };
		EE82B8B1286A1346003D31D0 /* SceneDelegate.m in Sources */ = {isa = PBXBuildFile; fileRef = EE82B8B0286A1346003D31D0 /* SceneDelegate.m */; };
		EE82B8B4286A1346003D31D0 /* ViewController.m in Sources */ = {isa = PBXBuildFile; fileRef = EE82B8B3286A1346003D31D0 /* ViewController.m */; };
		EE82B8B7286A1346003D31D0 /* Main.storyboard in Resources */ = {isa = PBXBuildFile; fileRef = EE82B8B5286A1346003D31D0 /* Main.storyboard */; };
		EE82B8B9286A1347003D31D0 /* Assets.xcassets in Resources */ = {isa = PBXBuildFile; fileRef = EE82B8B8286A1347003D31D0 /* Assets.xcassets */; };
		EE82B8BC286A1347003D31D0 /* LaunchScreen.storyboard in Resources */ = {isa = PBXBuildFile; fileRef = EE82B8BA286A1347003D31D0 /* LaunchScreen.storyboard */; };
		EE82B8BF286A1347003D31D0 /* main.m in Sources */ = {isa = PBXBuildFile; fileRef = EE82B8BE286A1347003D31D0 /* main.m */; };
		EE82B8C9286A1347003D31D0 /* Parse_ChatTests.m in Sources */ = {isa = PBXBuildFile; fileRef = EE82B8C8286A1347003D31D0 /* Parse_ChatTests.m */; };
		EE82B8D3286A1347003D31D0 /* Parse_ChatUITests.m in Sources */ = {isa = PBXBuildFile; fileRef = EE82B8D2286A1347003D31D0 /* Parse_ChatUITests.m */; };
		EE82B8D5286A1347003D31D0 /* Parse_ChatUITestsLaunchTests.m in Sources */ = {isa = PBXBuildFile; fileRef = EE82B8D4286A1347003D31D0 /* Parse_ChatUITestsLaunchTests.m */; };
		EE82B8E3286A1593003D31D0 /* LoginViewController.m in Sources */ = {isa = PBXBuildFile; fileRef = EE82B8E2286A1593003D31D0 /* LoginViewController.m */; };
		EE82B8E6286A1870003D31D0 /* ChatViewController.m in Sources */ = {isa = PBXBuildFile; fileRef = EE82B8E5286A1870003D31D0 /* ChatViewController.m */; };
		EE82B8EC286A1AE9003D31D0 /* ChatCell.m in Sources */ = {isa = PBXBuildFile; fileRef = EE82B8EB286A1AE9003D31D0 /* ChatCell.m */; };
/* End PBXBuildFile section */

/* Begin PBXContainerItemProxy section */
		EE82B8C5286A1347003D31D0 /* PBXContainerItemProxy */ = {
			isa = PBXContainerItemProxy;
			containerPortal = EE82B8A1286A1346003D31D0 /* Project object */;
			proxyType = 1;
			remoteGlobalIDString = EE82B8A8286A1346003D31D0;
			remoteInfo = "Parse Chat";
		};
		EE82B8CF286A1347003D31D0 /* PBXContainerItemProxy */ = {
			isa = PBXContainerItemProxy;
			containerPortal = EE82B8A1286A1346003D31D0 /* Project object */;
			proxyType = 1;
			remoteGlobalIDString = EE82B8A8286A1346003D31D0;
			remoteInfo = "Parse Chat";
		};
/* End PBXContainerItemProxy section */

/* Begin PBXFileReference section */
		0C0C27441C3E74A5220CE018 /* Pods-Parse ChatTests.debug.xcconfig */ = {isa = PBXFileReference; includeInIndex = 1; lastKnownFileType = text.xcconfig; name = "Pods-Parse ChatTests.debug.xcconfig"; path = "Target Support Files/Pods-Parse ChatTests/Pods-Parse ChatTests.debug.xcconfig"; sourceTree = "<group>"; };
		27291D93B25D0A792A4014DA /* Pods-Parse Chat.release.xcconfig */ = {isa = PBXFileReference; includeInIndex = 1; lastKnownFileType = text.xcconfig; name = "Pods-Parse Chat.release.xcconfig"; path = "Target Support Files/Pods-Parse Chat/Pods-Parse Chat.release.xcconfig"; sourceTree = "<group>"; };
		30F71D5FC5C10966F919452D /* Pods-Parse Chat.debug.xcconfig */ = {isa = PBXFileReference; includeInIndex = 1; lastKnownFileType = text.xcconfig; name = "Pods-Parse Chat.debug.xcconfig"; path = "Target Support Files/Pods-Parse Chat/Pods-Parse Chat.debug.xcconfig"; sourceTree = "<group>"; };
		4D45FF5A4DD70F2B353E41CD /* Pods_Parse_ChatTests.framework */ = {isa = PBXFileReference; explicitFileType = wrapper.framework; includeInIndex = 0; path = Pods_Parse_ChatTests.framework; sourceTree = BUILT_PRODUCTS_DIR; };
		7C4DACE7AB8B9D33EE017283 /* Pods-Parse Chat-Parse ChatUITests.release.xcconfig */ = {isa = PBXFileReference; includeInIndex = 1; lastKnownFileType = text.xcconfig; name = "Pods-Parse Chat-Parse ChatUITests.release.xcconfig"; path = "Target Support Files/Pods-Parse Chat-Parse ChatUITests/Pods-Parse Chat-Parse ChatUITests.release.xcconfig"; sourceTree = "<group>"; };
		A0C8D054E5C8CF8F053113B9 /* Pods-Parse ChatTests.release.xcconfig */ = {isa = PBXFileReference; includeInIndex = 1; lastKnownFileType = text.xcconfig; name = "Pods-Parse ChatTests.release.xcconfig"; path = "Target Support Files/Pods-Parse ChatTests/Pods-Parse ChatTests.release.xcconfig"; sourceTree = "<group>"; };
		A7E4153A309E20022E326C50 /* Pods-Parse Chat-Parse ChatUITests.debug.xcconfig */ = {isa = PBXFileReference; includeInIndex = 1; lastKnownFileType = text.xcconfig; name = "Pods-Parse Chat-Parse ChatUITests.debug.xcconfig"; path = "Target Support Files/Pods-Parse Chat-Parse ChatUITests/Pods-Parse Chat-Parse ChatUITests.debug.xcconfig"; sourceTree = "<group>"; };
		B9847D546024A0065D9DE8F9 /* Pods_Parse_Chat_Parse_ChatUITests.framework */ = {isa = PBXFileReference; explicitFileType = wrapper.framework; includeInIndex = 0; path = Pods_Parse_Chat_Parse_ChatUITests.framework; sourceTree = BUILT_PRODUCTS_DIR; };
		E9EB8FD9436F59F4EA8512BB /* Pods_Parse_Chat.framework */ = {isa = PBXFileReference; explicitFileType = wrapper.framework; includeInIndex = 0; path = Pods_Parse_Chat.framework; sourceTree = BUILT_PRODUCTS_DIR; };
		EE82B8A9286A1346003D31D0 /* Parse Chat.app */ = {isa = PBXFileReference; explicitFileType = wrapper.application; includeInIndex = 0; path = "Parse Chat.app"; sourceTree = BUILT_PRODUCTS_DIR; };
		EE82B8AC286A1346003D31D0 /* AppDelegate.h */ = {isa = PBXFileReference; lastKnownFileType = sourcecode.c.h; path = AppDelegate.h; sourceTree = "<group>"; };
		EE82B8AD286A1346003D31D0 /* AppDelegate.m */ = {isa = PBXFileReference; lastKnownFileType = sourcecode.c.objc; path = AppDelegate.m; sourceTree = "<group>"; };
		EE82B8AF286A1346003D31D0 /* SceneDelegate.h */ = {isa = PBXFileReference; lastKnownFileType = sourcecode.c.h; path = SceneDelegate.h; sourceTree = "<group>"; };
		EE82B8B0286A1346003D31D0 /* SceneDelegate.m */ = {isa = PBXFileReference; lastKnownFileType = sourcecode.c.objc; path = SceneDelegate.m; sourceTree = "<group>"; };
		EE82B8B2286A1346003D31D0 /* ViewController.h */ = {isa = PBXFileReference; lastKnownFileType = sourcecode.c.h; path = ViewController.h; sourceTree = "<group>"; };
		EE82B8B3286A1346003D31D0 /* ViewController.m */ = {isa = PBXFileReference; lastKnownFileType = sourcecode.c.objc; path = ViewController.m; sourceTree = "<group>"; };
		EE82B8B6286A1346003D31D0 /* Base */ = {isa = PBXFileReference; lastKnownFileType = file.storyboard; name = Base; path = Base.lproj/Main.storyboard; sourceTree = "<group>"; };
		EE82B8B8286A1347003D31D0 /* Assets.xcassets */ = {isa = PBXFileReference; lastKnownFileType = folder.assetcatalog; path = Assets.xcassets; sourceTree = "<group>"; };
		EE82B8BB286A1347003D31D0 /* Base */ = {isa = PBXFileReference; lastKnownFileType = file.storyboard; name = Base; path = Base.lproj/LaunchScreen.storyboard; sourceTree = "<group>"; };
		EE82B8BD286A1347003D31D0 /* Info.plist */ = {isa = PBXFileReference; lastKnownFileType = text.plist.xml; path = Info.plist; sourceTree = "<group>"; };
		EE82B8BE286A1347003D31D0 /* main.m */ = {isa = PBXFileReference; lastKnownFileType = sourcecode.c.objc; path = main.m; sourceTree = "<group>"; };
		EE82B8C4286A1347003D31D0 /* Parse ChatTests.xctest */ = {isa = PBXFileReference; explicitFileType = wrapper.cfbundle; includeInIndex = 0; path = "Parse ChatTests.xctest"; sourceTree = BUILT_PRODUCTS_DIR; };
		EE82B8C8286A1347003D31D0 /* Parse_ChatTests.m */ = {isa = PBXFileReference; lastKnownFileType = sourcecode.c.objc; path = Parse_ChatTests.m; sourceTree = "<group>"; };
		EE82B8CE286A1347003D31D0 /* Parse ChatUITests.xctest */ = {isa = PBXFileReference; explicitFileType = wrapper.cfbundle; includeInIndex = 0; path = "Parse ChatUITests.xctest"; sourceTree = BUILT_PRODUCTS_DIR; };
		EE82B8D2286A1347003D31D0 /* Parse_ChatUITests.m */ = {isa = PBXFileReference; lastKnownFileType = sourcecode.c.objc; path = Parse_ChatUITests.m; sourceTree = "<group>"; };
		EE82B8D4286A1347003D31D0 /* Parse_ChatUITestsLaunchTests.m */ = {isa = PBXFileReference; lastKnownFileType = sourcecode.c.objc; path = Parse_ChatUITestsLaunchTests.m; sourceTree = "<group>"; };
		EE82B8E1286A1593003D31D0 /* LoginViewController.h */ = {isa = PBXFileReference; lastKnownFileType = sourcecode.c.h; path = LoginViewController.h; sourceTree = "<group>"; };
		EE82B8E2286A1593003D31D0 /* LoginViewController.m */ = {isa = PBXFileReference; lastKnownFileType = sourcecode.c.objc; path = LoginViewController.m; sourceTree = "<group>"; };
		EE82B8E4286A1870003D31D0 /* ChatViewController.h */ = {isa = PBXFileReference; lastKnownFileType = sourcecode.c.h; path = ChatViewController.h; sourceTree = "<group>"; };
		EE82B8E5286A1870003D31D0 /* ChatViewController.m */ = {isa = PBXFileReference; lastKnownFileType = sourcecode.c.objc; path = ChatViewController.m; sourceTree = "<group>"; };
		EE82B8EA286A1AE9003D31D0 /* ChatCell.h */ = {isa = PBXFileReference; lastKnownFileType = sourcecode.c.h; path = ChatCell.h; sourceTree = "<group>"; };
		EE82B8EB286A1AE9003D31D0 /* ChatCell.m */ = {isa = PBXFileReference; lastKnownFileType = sourcecode.c.objc; path = ChatCell.m; sourceTree = "<group>"; };
/* End PBXFileReference section */

/* Begin PBXFrameworksBuildPhase section */
		EE82B8A6286A1346003D31D0 /* Frameworks */ = {
			isa = PBXFrameworksBuildPhase;
			buildActionMask = 2147483647;
			files = (
				2A74B709730EB1406B8F972A /* Pods_Parse_Chat.framework in Frameworks */,
			);
			runOnlyForDeploymentPostprocessing = 0;
		};
		EE82B8C1286A1347003D31D0 /* Frameworks */ = {
			isa = PBXFrameworksBuildPhase;
			buildActionMask = 2147483647;
			files = (
				169D2B8F5CE8DC8A8668B76F /* Pods_Parse_ChatTests.framework in Frameworks */,
			);
			runOnlyForDeploymentPostprocessing = 0;
		};
		EE82B8CB286A1347003D31D0 /* Frameworks */ = {
			isa = PBXFrameworksBuildPhase;
			buildActionMask = 2147483647;
			files = (
				618C65FAD51088ACB9F4E4BF /* Pods_Parse_Chat_Parse_ChatUITests.framework in Frameworks */,
			);
			runOnlyForDeploymentPostprocessing = 0;
		};
/* End PBXFrameworksBuildPhase section */

/* Begin PBXGroup section */
		088A9F414F813D45D07C2661 /* Frameworks */ = {
			isa = PBXGroup;
			children = (
				E9EB8FD9436F59F4EA8512BB /* Pods_Parse_Chat.framework */,
				B9847D546024A0065D9DE8F9 /* Pods_Parse_Chat_Parse_ChatUITests.framework */,
				4D45FF5A4DD70F2B353E41CD /* Pods_Parse_ChatTests.framework */,
			);
			name = Frameworks;
			sourceTree = "<group>";
		};
		D90B1A7660FC48E8CA458A9A /* Pods */ = {
			isa = PBXGroup;
			children = (
				30F71D5FC5C10966F919452D /* Pods-Parse Chat.debug.xcconfig */,
				27291D93B25D0A792A4014DA /* Pods-Parse Chat.release.xcconfig */,
				A7E4153A309E20022E326C50 /* Pods-Parse Chat-Parse ChatUITests.debug.xcconfig */,
				7C4DACE7AB8B9D33EE017283 /* Pods-Parse Chat-Parse ChatUITests.release.xcconfig */,
				0C0C27441C3E74A5220CE018 /* Pods-Parse ChatTests.debug.xcconfig */,
				A0C8D054E5C8CF8F053113B9 /* Pods-Parse ChatTests.release.xcconfig */,
			);
			path = Pods;
			sourceTree = "<group>";
		};
		EE82B8A0286A1346003D31D0 = {
			isa = PBXGroup;
			children = (
				EE82B8AB286A1346003D31D0 /* Parse Chat */,
				EE82B8C7286A1347003D31D0 /* Parse ChatTests */,
				EE82B8D1286A1347003D31D0 /* Parse ChatUITests */,
				EE82B8AA286A1346003D31D0 /* Products */,
				D90B1A7660FC48E8CA458A9A /* Pods */,
				088A9F414F813D45D07C2661 /* Frameworks */,
			);
			sourceTree = "<group>";
		};
		EE82B8AA286A1346003D31D0 /* Products */ = {
			isa = PBXGroup;
			children = (
				EE82B8A9286A1346003D31D0 /* Parse Chat.app */,
				EE82B8C4286A1347003D31D0 /* Parse ChatTests.xctest */,
				EE82B8CE286A1347003D31D0 /* Parse ChatUITests.xctest */,
			);
			name = Products;
			sourceTree = "<group>";
		};
		EE82B8AB286A1346003D31D0 /* Parse Chat */ = {
			isa = PBXGroup;
			children = (
				EE82B8AC286A1346003D31D0 /* AppDelegate.h */,
				EE82B8AD286A1346003D31D0 /* AppDelegate.m */,
				EE82B8E1286A1593003D31D0 /* LoginViewController.h */,
				EE82B8E2286A1593003D31D0 /* LoginViewController.m */,
				EE82B8E4286A1870003D31D0 /* ChatViewController.h */,
				EE82B8E5286A1870003D31D0 /* ChatViewController.m */,
				EE82B8AF286A1346003D31D0 /* SceneDelegate.h */,
				EE82B8B0286A1346003D31D0 /* SceneDelegate.m */,
				EE82B8B2286A1346003D31D0 /* ViewController.h */,
				EE82B8B3286A1346003D31D0 /* ViewController.m */,
				EE82B8B5286A1346003D31D0 /* Main.storyboard */,
				EE82B8B8286A1347003D31D0 /* Assets.xcassets */,
				EE82B8BA286A1347003D31D0 /* LaunchScreen.storyboard */,
				EE82B8BD286A1347003D31D0 /* Info.plist */,
				EE82B8BE286A1347003D31D0 /* main.m */,
				EE82B8EA286A1AE9003D31D0 /* ChatCell.h */,
				EE82B8EB286A1AE9003D31D0 /* ChatCell.m */,
			);
			path = "Parse Chat";
			sourceTree = "<group>";
		};
		EE82B8C7286A1347003D31D0 /* Parse ChatTests */ = {
			isa = PBXGroup;
			children = (
				EE82B8C8286A1347003D31D0 /* Parse_ChatTests.m */,
			);
			path = "Parse ChatTests";
			sourceTree = "<group>";
		};
		EE82B8D1286A1347003D31D0 /* Parse ChatUITests */ = {
			isa = PBXGroup;
			children = (
				EE82B8D2286A1347003D31D0 /* Parse_ChatUITests.m */,
				EE82B8D4286A1347003D31D0 /* Parse_ChatUITestsLaunchTests.m */,
			);
			path = "Parse ChatUITests";
			sourceTree = "<group>";
		};
/* End PBXGroup section */

/* Begin PBXNativeTarget section */
		EE82B8A8286A1346003D31D0 /* Parse Chat */ = {
			isa = PBXNativeTarget;
			buildConfigurationList = EE82B8D8286A1347003D31D0 /* Build configuration list for PBXNativeTarget "Parse Chat" */;
			buildPhases = (
				611B50BD6820FD4BA492FE5E /* [CP] Check Pods Manifest.lock */,
				EE82B8A5286A1346003D31D0 /* Sources */,
				EE82B8A6286A1346003D31D0 /* Frameworks */,
				EE82B8A7286A1346003D31D0 /* Resources */,
				D453BC0268B235FB6410F5CA /* [CP] Embed Pods Frameworks */,
			);
			buildRules = (
			);
			dependencies = (
			);
			name = "Parse Chat";
			productName = "Parse Chat";
			productReference = EE82B8A9286A1346003D31D0 /* Parse Chat.app */;
			productType = "com.apple.product-type.application";
		};
		EE82B8C3286A1347003D31D0 /* Parse ChatTests */ = {
			isa = PBXNativeTarget;
			buildConfigurationList = EE82B8DB286A1347003D31D0 /* Build configuration list for PBXNativeTarget "Parse ChatTests" */;
			buildPhases = (
				A0EA34B2A33573087331BE2F /* [CP] Check Pods Manifest.lock */,
				EE82B8C0286A1347003D31D0 /* Sources */,
				EE82B8C1286A1347003D31D0 /* Frameworks */,
				EE82B8C2286A1347003D31D0 /* Resources */,
			);
			buildRules = (
			);
			dependencies = (
				EE82B8C6286A1347003D31D0 /* PBXTargetDependency */,
			);
			name = "Parse ChatTests";
			productName = "Parse ChatTests";
			productReference = EE82B8C4286A1347003D31D0 /* Parse ChatTests.xctest */;
			productType = "com.apple.product-type.bundle.unit-test";
		};
		EE82B8CD286A1347003D31D0 /* Parse ChatUITests */ = {
			isa = PBXNativeTarget;
			buildConfigurationList = EE82B8DE286A1347003D31D0 /* Build configuration list for PBXNativeTarget "Parse ChatUITests" */;
			buildPhases = (
				088FE12A5EBAC7C0BC5DA1F2 /* [CP] Check Pods Manifest.lock */,
				EE82B8CA286A1347003D31D0 /* Sources */,
				EE82B8CB286A1347003D31D0 /* Frameworks */,
				EE82B8CC286A1347003D31D0 /* Resources */,
				32D760045840EEA3A7D1D4D6 /* [CP] Embed Pods Frameworks */,
			);
			buildRules = (
			);
			dependencies = (
				EE82B8D0286A1347003D31D0 /* PBXTargetDependency */,
			);
			name = "Parse ChatUITests";
			productName = "Parse ChatUITests";
			productReference = EE82B8CE286A1347003D31D0 /* Parse ChatUITests.xctest */;
			productType = "com.apple.product-type.bundle.ui-testing";
		};
/* End PBXNativeTarget section */

/* Begin PBXProject section */
		EE82B8A1286A1346003D31D0 /* Project object */ = {
			isa = PBXProject;
			attributes = {
				BuildIndependentTargetsInParallel = 1;
				LastUpgradeCheck = 1340;
				TargetAttributes = {
					EE82B8A8286A1346003D31D0 = {
						CreatedOnToolsVersion = 13.4;
					};
					EE82B8C3286A1347003D31D0 = {
						CreatedOnToolsVersion = 13.4;
						TestTargetID = EE82B8A8286A1346003D31D0;
					};
					EE82B8CD286A1347003D31D0 = {
						CreatedOnToolsVersion = 13.4;
						TestTargetID = EE82B8A8286A1346003D31D0;
					};
				};
			};
			buildConfigurationList = EE82B8A4286A1346003D31D0 /* Build configuration list for PBXProject "Parse Chat" */;
			compatibilityVersion = "Xcode 13.0";
			developmentRegion = en;
			hasScannedForEncodings = 0;
			knownRegions = (
				en,
				Base,
			);
			mainGroup = EE82B8A0286A1346003D31D0;
			productRefGroup = EE82B8AA286A1346003D31D0 /* Products */;
			projectDirPath = "";
			projectRoot = "";
			targets = (
				EE82B8A8286A1346003D31D0 /* Parse Chat */,
				EE82B8C3286A1347003D31D0 /* Parse ChatTests */,
				EE82B8CD286A1347003D31D0 /* Parse ChatUITests */,
			);
		};
/* End PBXProject section */

/* Begin PBXResourcesBuildPhase section */
		EE82B8A7286A1346003D31D0 /* Resources */ = {
			isa = PBXResourcesBuildPhase;
			buildActionMask = 2147483647;
			files = (
				EE82B8BC286A1347003D31D0 /* LaunchScreen.storyboard in Resources */,
				EE82B8B9286A1347003D31D0 /* Assets.xcassets in Resources */,
				EE82B8B7286A1346003D31D0 /* Main.storyboard in Resources */,
			);
			runOnlyForDeploymentPostprocessing = 0;
		};
		EE82B8C2286A1347003D31D0 /* Resources */ = {
			isa = PBXResourcesBuildPhase;
			buildActionMask = 2147483647;
			files = (
			);
			runOnlyForDeploymentPostprocessing = 0;
		};
		EE82B8CC286A1347003D31D0 /* Resources */ = {
			isa = PBXResourcesBuildPhase;
			buildActionMask = 2147483647;
			files = (
			);
			runOnlyForDeploymentPostprocessing = 0;
		};
/* End PBXResourcesBuildPhase section */

/* Begin PBXShellScriptBuildPhase section */
		088FE12A5EBAC7C0BC5DA1F2 /* [CP] Check Pods Manifest.lock */ = {
			isa = PBXShellScriptBuildPhase;
			buildActionMask = 2147483647;
			files = (
			);
			inputFileListPaths = (
			);
			inputPaths = (
				"${PODS_PODFILE_DIR_PATH}/Podfile.lock",
				"${PODS_ROOT}/Manifest.lock",
			);
			name = "[CP] Check Pods Manifest.lock";
			outputFileListPaths = (
			);
			outputPaths = (
				"$(DERIVED_FILE_DIR)/Pods-Parse Chat-Parse ChatUITests-checkManifestLockResult.txt",
			);
			runOnlyForDeploymentPostprocessing = 0;
			shellPath = /bin/sh;
			shellScript = "diff \"${PODS_PODFILE_DIR_PATH}/Podfile.lock\" \"${PODS_ROOT}/Manifest.lock\" > /dev/null\nif [ $? != 0 ] ; then\n    # print error to STDERR\n    echo \"error: The sandbox is not in sync with the Podfile.lock. Run 'pod install' or update your CocoaPods installation.\" >&2\n    exit 1\nfi\n# This output is used by Xcode 'outputs' to avoid re-running this script phase.\necho \"SUCCESS\" > \"${SCRIPT_OUTPUT_FILE_0}\"\n";
			showEnvVarsInLog = 0;
		};
		32D760045840EEA3A7D1D4D6 /* [CP] Embed Pods Frameworks */ = {
			isa = PBXShellScriptBuildPhase;
			buildActionMask = 2147483647;
			files = (
			);
			inputFileListPaths = (
				"${PODS_ROOT}/Target Support Files/Pods-Parse Chat-Parse ChatUITests/Pods-Parse Chat-Parse ChatUITests-frameworks-${CONFIGURATION}-input-files.xcfilelist",
			);
			name = "[CP] Embed Pods Frameworks";
			outputFileListPaths = (
				"${PODS_ROOT}/Target Support Files/Pods-Parse Chat-Parse ChatUITests/Pods-Parse Chat-Parse ChatUITests-frameworks-${CONFIGURATION}-output-files.xcfilelist",
			);
			runOnlyForDeploymentPostprocessing = 0;
			shellPath = /bin/sh;
			shellScript = "\"${PODS_ROOT}/Target Support Files/Pods-Parse Chat-Parse ChatUITests/Pods-Parse Chat-Parse ChatUITests-frameworks.sh\"\n";
			showEnvVarsInLog = 0;
		};
		611B50BD6820FD4BA492FE5E /* [CP] Check Pods Manifest.lock */ = {
			isa = PBXShellScriptBuildPhase;
			buildActionMask = 2147483647;
			files = (
			);
			inputFileListPaths = (
			);
			inputPaths = (
				"${PODS_PODFILE_DIR_PATH}/Podfile.lock",
				"${PODS_ROOT}/Manifest.lock",
			);
			name = "[CP] Check Pods Manifest.lock";
			outputFileListPaths = (
			);
			outputPaths = (
				"$(DERIVED_FILE_DIR)/Pods-Parse Chat-checkManifestLockResult.txt",
			);
			runOnlyForDeploymentPostprocessing = 0;
			shellPath = /bin/sh;
			shellScript = "diff \"${PODS_PODFILE_DIR_PATH}/Podfile.lock\" \"${PODS_ROOT}/Manifest.lock\" > /dev/null\nif [ $? != 0 ] ; then\n    # print error to STDERR\n    echo \"error: The sandbox is not in sync with the Podfile.lock. Run 'pod install' or update your CocoaPods installation.\" >&2\n    exit 1\nfi\n# This output is used by Xcode 'outputs' to avoid re-running this script phase.\necho \"SUCCESS\" > \"${SCRIPT_OUTPUT_FILE_0}\"\n";
			showEnvVarsInLog = 0;
		};
		A0EA34B2A33573087331BE2F /* [CP] Check Pods Manifest.lock */ = {
			isa = PBXShellScriptBuildPhase;
			buildActionMask = 2147483647;
			files = (
			);
			inputFileListPaths = (
			);
			inputPaths = (
				"${PODS_PODFILE_DIR_PATH}/Podfile.lock",
				"${PODS_ROOT}/Manifest.lock",
			);
			name = "[CP] Check Pods Manifest.lock";
			outputFileListPaths = (
			);
			outputPaths = (
				"$(DERIVED_FILE_DIR)/Pods-Parse ChatTests-checkManifestLockResult.txt",
			);
			runOnlyForDeploymentPostprocessing = 0;
			shellPath = /bin/sh;
			shellScript = "diff \"${PODS_PODFILE_DIR_PATH}/Podfile.lock\" \"${PODS_ROOT}/Manifest.lock\" > /dev/null\nif [ $? != 0 ] ; then\n    # print error to STDERR\n    echo \"error: The sandbox is not in sync with the Podfile.lock. Run 'pod install' or update your CocoaPods installation.\" >&2\n    exit 1\nfi\n# This output is used by Xcode 'outputs' to avoid re-running this script phase.\necho \"SUCCESS\" > \"${SCRIPT_OUTPUT_FILE_0}\"\n";
			showEnvVarsInLog = 0;
		};
		D453BC0268B235FB6410F5CA /* [CP] Embed Pods Frameworks */ = {
			isa = PBXShellScriptBuildPhase;
			buildActionMask = 2147483647;
			files = (
			);
			inputFileListPaths = (
				"${PODS_ROOT}/Target Support Files/Pods-Parse Chat/Pods-Parse Chat-frameworks-${CONFIGURATION}-input-files.xcfilelist",
			);
			name = "[CP] Embed Pods Frameworks";
			outputFileListPaths = (
				"${PODS_ROOT}/Target Support Files/Pods-Parse Chat/Pods-Parse Chat-frameworks-${CONFIGURATION}-output-files.xcfilelist",
			);
			runOnlyForDeploymentPostprocessing = 0;
			shellPath = /bin/sh;
			shellScript = "\"${PODS_ROOT}/Target Support Files/Pods-Parse Chat/Pods-Parse Chat-frameworks.sh\"\n";
			showEnvVarsInLog = 0;
		};
/* End PBXShellScriptBuildPhase section */

/* Begin PBXSourcesBuildPhase section */
		EE82B8A5286A1346003D31D0 /* Sources */ = {
			isa = PBXSourcesBuildPhase;
			buildActionMask = 2147483647;
			files = (
				EE82B8B4286A1346003D31D0 /* ViewController.m in Sources */,
				EE82B8EC286A1AE9003D31D0 /* ChatCell.m in Sources */,
				EE82B8AE286A1346003D31D0 /* AppDelegate.m in Sources */,
				EE82B8E6286A1870003D31D0 /* ChatViewController.m in Sources */,
				EE82B8BF286A1347003D31D0 /* main.m in Sources */,
				EE82B8B1286A1346003D31D0 /* SceneDelegate.m in Sources */,
				EE82B8E3286A1593003D31D0 /* LoginViewController.m in Sources */,
			);
			runOnlyForDeploymentPostprocessing = 0;
		};
		EE82B8C0286A1347003D31D0 /* Sources */ = {
			isa = PBXSourcesBuildPhase;
			buildActionMask = 2147483647;
			files = (
				EE82B8C9286A1347003D31D0 /* Parse_ChatTests.m in Sources */,
			);
			runOnlyForDeploymentPostprocessing = 0;
		};
		EE82B8CA286A1347003D31D0 /* Sources */ = {
			isa = PBXSourcesBuildPhase;
			buildActionMask = 2147483647;
			files = (
				EE82B8D5286A1347003D31D0 /* Parse_ChatUITestsLaunchTests.m in Sources */,
				EE82B8D3286A1347003D31D0 /* Parse_ChatUITests.m in Sources */,
			);
			runOnlyForDeploymentPostprocessing = 0;
		};
/* End PBXSourcesBuildPhase section */

/* Begin PBXTargetDependency section */
		EE82B8C6286A1347003D31D0 /* PBXTargetDependency */ = {
			isa = PBXTargetDependency;
			target = EE82B8A8286A1346003D31D0 /* Parse Chat */;
			targetProxy = EE82B8C5286A1347003D31D0 /* PBXContainerItemProxy */;
		};
		EE82B8D0286A1347003D31D0 /* PBXTargetDependency */ = {
			isa = PBXTargetDependency;
			target = EE82B8A8286A1346003D31D0 /* Parse Chat */;
			targetProxy = EE82B8CF286A1347003D31D0 /* PBXContainerItemProxy */;
		};
/* End PBXTargetDependency section */

/* Begin PBXVariantGroup section */
		EE82B8B5286A1346003D31D0 /* Main.storyboard */ = {
			isa = PBXVariantGroup;
			children = (
				EE82B8B6286A1346003D31D0 /* Base */,
			);
			name = Main.storyboard;
			sourceTree = "<group>";
		};
		EE82B8BA286A1347003D31D0 /* LaunchScreen.storyboard */ = {
			isa = PBXVariantGroup;
			children = (
				EE82B8BB286A1347003D31D0 /* Base */,
			);
			name = LaunchScreen.storyboard;
			sourceTree = "<group>";
		};
/* End PBXVariantGroup section */

/* Begin XCBuildConfiguration section */
		EE82B8D6286A1347003D31D0 /* Debug */ = {
			isa = XCBuildConfiguration;
			buildSettings = {
				ALWAYS_SEARCH_USER_PATHS = NO;
				CLANG_ANALYZER_NONNULL = YES;
				CLANG_ANALYZER_NUMBER_OBJECT_CONVERSION = YES_AGGRESSIVE;
				CLANG_CXX_LANGUAGE_STANDARD = "gnu++17";
				CLANG_ENABLE_MODULES = YES;
				CLANG_ENABLE_OBJC_ARC = YES;
				CLANG_ENABLE_OBJC_WEAK = YES;
				CLANG_WARN_BLOCK_CAPTURE_AUTORELEASING = YES;
				CLANG_WARN_BOOL_CONVERSION = YES;
				CLANG_WARN_COMMA = YES;
				CLANG_WARN_CONSTANT_CONVERSION = YES;
				CLANG_WARN_DEPRECATED_OBJC_IMPLEMENTATIONS = YES;
				CLANG_WARN_DIRECT_OBJC_ISA_USAGE = YES_ERROR;
				CLANG_WARN_DOCUMENTATION_COMMENTS = YES;
				CLANG_WARN_EMPTY_BODY = YES;
				CLANG_WARN_ENUM_CONVERSION = YES;
				CLANG_WARN_INFINITE_RECURSION = YES;
				CLANG_WARN_INT_CONVERSION = YES;
				CLANG_WARN_NON_LITERAL_NULL_CONVERSION = YES;
				CLANG_WARN_OBJC_IMPLICIT_RETAIN_SELF = YES;
				CLANG_WARN_OBJC_LITERAL_CONVERSION = YES;
				CLANG_WARN_OBJC_ROOT_CLASS = YES_ERROR;
				CLANG_WARN_QUOTED_INCLUDE_IN_FRAMEWORK_HEADER = YES;
				CLANG_WARN_RANGE_LOOP_ANALYSIS = YES;
				CLANG_WARN_STRICT_PROTOTYPES = YES;
				CLANG_WARN_SUSPICIOUS_MOVE = YES;
				CLANG_WARN_UNGUARDED_AVAILABILITY = YES_AGGRESSIVE;
				CLANG_WARN_UNREACHABLE_CODE = YES;
				CLANG_WARN__DUPLICATE_METHOD_MATCH = YES;
				COPY_PHASE_STRIP = NO;
				DEBUG_INFORMATION_FORMAT = dwarf;
				ENABLE_STRICT_OBJC_MSGSEND = YES;
				ENABLE_TESTABILITY = YES;
				GCC_C_LANGUAGE_STANDARD = gnu11;
				GCC_DYNAMIC_NO_PIC = NO;
				GCC_NO_COMMON_BLOCKS = YES;
				GCC_OPTIMIZATION_LEVEL = 0;
				GCC_PREPROCESSOR_DEFINITIONS = (
					"DEBUG=1",
					"$(inherited)",
				);
				GCC_WARN_64_TO_32_BIT_CONVERSION = YES;
				GCC_WARN_ABOUT_RETURN_TYPE = YES_ERROR;
				GCC_WARN_UNDECLARED_SELECTOR = YES;
				GCC_WARN_UNINITIALIZED_AUTOS = YES_AGGRESSIVE;
				GCC_WARN_UNUSED_FUNCTION = YES;
				GCC_WARN_UNUSED_VARIABLE = YES;
				IPHONEOS_DEPLOYMENT_TARGET = 15.5;
				MTL_ENABLE_DEBUG_INFO = INCLUDE_SOURCE;
				MTL_FAST_MATH = YES;
				ONLY_ACTIVE_ARCH = YES;
				SDKROOT = iphoneos;
			};
			name = Debug;
		};
		EE82B8D7286A1347003D31D0 /* Release */ = {
			isa = XCBuildConfiguration;
			buildSettings = {
				ALWAYS_SEARCH_USER_PATHS = NO;
				CLANG_ANALYZER_NONNULL = YES;
				CLANG_ANALYZER_NUMBER_OBJECT_CONVERSION = YES_AGGRESSIVE;
				CLANG_CXX_LANGUAGE_STANDARD = "gnu++17";
				CLANG_ENABLE_MODULES = YES;
				CLANG_ENABLE_OBJC_ARC = YES;
				CLANG_ENABLE_OBJC_WEAK = YES;
				CLANG_WARN_BLOCK_CAPTURE_AUTORELEASING = YES;
				CLANG_WARN_BOOL_CONVERSION = YES;
				CLANG_WARN_COMMA = YES;
				CLANG_WARN_CONSTANT_CONVERSION = YES;
				CLANG_WARN_DEPRECATED_OBJC_IMPLEMENTATIONS = YES;
				CLANG_WARN_DIRECT_OBJC_ISA_USAGE = YES_ERROR;
				CLANG_WARN_DOCUMENTATION_COMMENTS = YES;
				CLANG_WARN_EMPTY_BODY = YES;
				CLANG_WARN_ENUM_CONVERSION = YES;
				CLANG_WARN_INFINITE_RECURSION = YES;
				CLANG_WARN_INT_CONVERSION = YES;
				CLANG_WARN_NON_LITERAL_NULL_CONVERSION = YES;
				CLANG_WARN_OBJC_IMPLICIT_RETAIN_SELF = YES;
				CLANG_WARN_OBJC_LITERAL_CONVERSION = YES;
				CLANG_WARN_OBJC_ROOT_CLASS = YES_ERROR;
				CLANG_WARN_QUOTED_INCLUDE_IN_FRAMEWORK_HEADER = YES;
				CLANG_WARN_RANGE_LOOP_ANALYSIS = YES;
				CLANG_WARN_STRICT_PROTOTYPES = YES;
				CLANG_WARN_SUSPICIOUS_MOVE = YES;
				CLANG_WARN_UNGUARDED_AVAILABILITY = YES_AGGRESSIVE;
				CLANG_WARN_UNREACHABLE_CODE = YES;
				CLANG_WARN__DUPLICATE_METHOD_MATCH = YES;
				COPY_PHASE_STRIP = NO;
				DEBUG_INFORMATION_FORMAT = "dwarf-with-dsym";
				ENABLE_NS_ASSERTIONS = NO;
				ENABLE_STRICT_OBJC_MSGSEND = YES;
				GCC_C_LANGUAGE_STANDARD = gnu11;
				GCC_NO_COMMON_BLOCKS = YES;
				GCC_WARN_64_TO_32_BIT_CONVERSION = YES;
				GCC_WARN_ABOUT_RETURN_TYPE = YES_ERROR;
				GCC_WARN_UNDECLARED_SELECTOR = YES;
				GCC_WARN_UNINITIALIZED_AUTOS = YES_AGGRESSIVE;
				GCC_WARN_UNUSED_FUNCTION = YES;
				GCC_WARN_UNUSED_VARIABLE = YES;
				IPHONEOS_DEPLOYMENT_TARGET = 15.5;
				MTL_ENABLE_DEBUG_INFO = NO;
				MTL_FAST_MATH = YES;
				SDKROOT = iphoneos;
				VALIDATE_PRODUCT = YES;
			};
			name = Release;
		};
		EE82B8D9286A1347003D31D0 /* Debug */ = {
			isa = XCBuildConfiguration;
			baseConfigurationReference = 30F71D5FC5C10966F919452D /* Pods-Parse Chat.debug.xcconfig */;
			buildSettings = {
				ASSETCATALOG_COMPILER_APPICON_NAME = AppIcon;
				ASSETCATALOG_COMPILER_GLOBAL_ACCENT_COLOR_NAME = AccentColor;
				CODE_SIGN_STYLE = Automatic;
				CURRENT_PROJECT_VERSION = 1;
				GENERATE_INFOPLIST_FILE = YES;
				INFOPLIST_FILE = "Parse Chat/Info.plist";
				INFOPLIST_KEY_UIApplicationSupportsIndirectInputEvents = YES;
				INFOPLIST_KEY_UILaunchStoryboardName = LaunchScreen;
				INFOPLIST_KEY_UIMainStoryboardFile = Main;
				INFOPLIST_KEY_UISupportedInterfaceOrientations_iPad = "UIInterfaceOrientationPortrait UIInterfaceOrientationPortraitUpsideDown UIInterfaceOrientationLandscapeLeft UIInterfaceOrientationLandscapeRight";
				INFOPLIST_KEY_UISupportedInterfaceOrientations_iPhone = "UIInterfaceOrientationPortrait UIInterfaceOrientationLandscapeLeft UIInterfaceOrientationLandscapeRight";
				LD_RUNPATH_SEARCH_PATHS = (
					"$(inherited)",
					"@executable_path/Frameworks",
				);
				MARKETING_VERSION = 1.0;
				PRODUCT_BUNDLE_IDENTIFIER = "com.codepath.www.Parse-Chat";
				PRODUCT_NAME = "$(TARGET_NAME)";
				SWIFT_EMIT_LOC_STRINGS = YES;
				TARGETED_DEVICE_FAMILY = "1,2";
			};
			name = Debug;
		};
		EE82B8DA286A1347003D31D0 /* Release */ = {
			isa = XCBuildConfiguration;
			baseConfigurationReference = 27291D93B25D0A792A4014DA /* Pods-Parse Chat.release.xcconfig */;
			buildSettings = {
				ASSETCATALOG_COMPILER_APPICON_NAME = AppIcon;
				ASSETCATALOG_COMPILER_GLOBAL_ACCENT_COLOR_NAME = AccentColor;
				CODE_SIGN_STYLE = Automatic;
				CURRENT_PROJECT_VERSION = 1;
				GENERATE_INFOPLIST_FILE = YES;
				INFOPLIST_FILE = "Parse Chat/Info.plist";
				INFOPLIST_KEY_UIApplicationSupportsIndirectInputEvents = YES;
				INFOPLIST_KEY_UILaunchStoryboardName = LaunchScreen;
				INFOPLIST_KEY_UIMainStoryboardFile = Main;
				INFOPLIST_KEY_UISupportedInterfaceOrientations_iPad = "UIInterfaceOrientationPortrait UIInterfaceOrientationPortraitUpsideDown UIInterfaceOrientationLandscapeLeft UIInterfaceOrientationLandscapeRight";
				INFOPLIST_KEY_UISupportedInterfaceOrientations_iPhone = "UIInterfaceOrientationPortrait UIInterfaceOrientationLandscapeLeft UIInterfaceOrientationLandscapeRight";
				LD_RUNPATH_SEARCH_PATHS = (
					"$(inherited)",
					"@executable_path/Frameworks",
				);
				MARKETING_VERSION = 1.0;
				PRODUCT_BUNDLE_IDENTIFIER = "com.codepath.www.Parse-Chat";
				PRODUCT_NAME = "$(TARGET_NAME)";
				SWIFT_EMIT_LOC_STRINGS = YES;
				TARGETED_DEVICE_FAMILY = "1,2";
			};
			name = Release;
		};
		EE82B8DC286A1347003D31D0 /* Debug */ = {
			isa = XCBuildConfiguration;
			baseConfigurationReference = 0C0C27441C3E74A5220CE018 /* Pods-Parse ChatTests.debug.xcconfig */;
			buildSettings = {
				BUNDLE_LOADER = "$(TEST_HOST)";
				CODE_SIGN_STYLE = Automatic;
				CURRENT_PROJECT_VERSION = 1;
				GENERATE_INFOPLIST_FILE = YES;
				IPHONEOS_DEPLOYMENT_TARGET = 15.5;
				MARKETING_VERSION = 1.0;
				PRODUCT_BUNDLE_IDENTIFIER = "com.codepath.www.Parse-ChatTests";
				PRODUCT_NAME = "$(TARGET_NAME)";
				SWIFT_EMIT_LOC_STRINGS = NO;
				TARGETED_DEVICE_FAMILY = "1,2";
				TEST_HOST = "$(BUILT_PRODUCTS_DIR)/Parse Chat.app/Parse Chat";
			};
			name = Debug;
		};
		EE82B8DD286A1347003D31D0 /* Release */ = {
			isa = XCBuildConfiguration;
			baseConfigurationReference = A0C8D054E5C8CF8F053113B9 /* Pods-Parse ChatTests.release.xcconfig */;
			buildSettings = {
				BUNDLE_LOADER = "$(TEST_HOST)";
				CODE_SIGN_STYLE = Automatic;
				CURRENT_PROJECT_VERSION = 1;
				GENERATE_INFOPLIST_FILE = YES;
				IPHONEOS_DEPLOYMENT_TARGET = 15.5;
				MARKETING_VERSION = 1.0;
				PRODUCT_BUNDLE_IDENTIFIER = "com.codepath.www.Parse-ChatTests";
				PRODUCT_NAME = "$(TARGET_NAME)";
				SWIFT_EMIT_LOC_STRINGS = NO;
				TARGETED_DEVICE_FAMILY = "1,2";
				TEST_HOST = "$(BUILT_PRODUCTS_DIR)/Parse Chat.app/Parse Chat";
			};
			name = Release;
		};
		EE82B8DF286A1347003D31D0 /* Debug */ = {
			isa = XCBuildConfiguration;
			baseConfigurationReference = A7E4153A309E20022E326C50 /* Pods-Parse Chat-Parse ChatUITests.debug.xcconfig */;
			buildSettings = {
				CODE_SIGN_STYLE = Automatic;
				CURRENT_PROJECT_VERSION = 1;
				GENERATE_INFOPLIST_FILE = YES;
				MARKETING_VERSION = 1.0;
				PRODUCT_BUNDLE_IDENTIFIER = "com.codepath.www.Parse-ChatUITests";
				PRODUCT_NAME = "$(TARGET_NAME)";
				SWIFT_EMIT_LOC_STRINGS = NO;
				TARGETED_DEVICE_FAMILY = "1,2";
				TEST_TARGET_NAME = "Parse Chat";
			};
			name = Debug;
		};
		EE82B8E0286A1347003D31D0 /* Release */ = {
			isa = XCBuildConfiguration;
			baseConfigurationReference = 7C4DACE7AB8B9D33EE017283 /* Pods-Parse Chat-Parse ChatUITests.release.xcconfig */;
			buildSettings = {
				CODE_SIGN_STYLE = Automatic;
				CURRENT_PROJECT_VERSION = 1;
				GENERATE_INFOPLIST_FILE = YES;
				MARKETING_VERSION = 1.0;
				PRODUCT_BUNDLE_IDENTIFIER = "com.codepath.www.Parse-ChatUITests";
				PRODUCT_NAME = "$(TARGET_NAME)";
				SWIFT_EMIT_LOC_STRINGS = NO;
				TARGETED_DEVICE_FAMILY = "1,2";
				TEST_TARGET_NAME = "Parse Chat";
			};
			name = Release;
		};
/* End XCBuildConfiguration section */

/* Begin XCConfigurationList section */
		EE82B8A4286A1346003D31D0 /* Build configuration list for PBXProject "Parse Chat" */ = {
			isa = XCConfigurationList;
			buildConfigurations = (
				EE82B8D6286A1347003D31D0 /* Debug */,
				EE82B8D7286A1347003D31D0 /* Release */,
			);
			defaultConfigurationIsVisible = 0;
			defaultConfigurationName = Release;
		};
		EE82B8D8286A1347003D31D0 /* Build configuration list for PBXNativeTarget "Parse Chat" */ = {
			isa = XCConfigurationList;
			buildConfigurations = (
				EE82B8D9286A1347003D31D0 /* Debug */,
				EE82B8DA286A1347003D31D0 /* Release */,
			);
			defaultConfigurationIsVisible = 0;
			defaultConfigurationName = Release;
		};
		EE82B8DB286A1347003D31D0 /* Build configuration list for PBXNativeTarget "Parse ChatTests" */ = {
			isa = XCConfigurationList;
			buildConfigurations = (
				EE82B8DC286A1347003D31D0 /* Debug */,
				EE82B8DD286A1347003D31D0 /* Release */,
			);
			defaultConfigurationIsVisible = 0;
			defaultConfigurationName = Release;
		};
		EE82B8DE286A1347003D31D0 /* Build configuration list for PBXNativeTarget "Parse ChatUITests" */ = {
			isa = XCConfigurationList;
			buildConfigurations = (
				EE82B8DF286A1347003D31D0 /* Debug */,
				EE82B8E0286A1347003D31D0 /* Release */,
			);
			defaultConfigurationIsVisible = 0;
			defaultConfigurationName = Release;
		};
/* End XCConfigurationList section */
	};
	rootObject = EE82B8A1286A1346003D31D0 /* Project object */;
}
